
Microsoft Visual Studio Solution File, Format Version 12.00
# Visual Studio Version 16
VisualStudioVersion = 16.0.31605.320
MinimumVisualStudioVersion = 10.0.40219.1
Project("{FAE04EC0-301F-11D3-BF4B-00C04F79EFBC}") = "tech", "tech\tech.csproj", "{F5CA6511-EB5E-43D2-8426-BAF393750C38}"
EndProject
Global
	GlobalSection(SolutionConfigurationPlatforms) = preSolution
		Debug|Any CPU = Debug|Any CPU
		Release|Any CPU = Release|Any CPU
	EndGlobalSection
	GlobalSection(ProjectConfigurationPlatforms) = postSolution
		{F5CA6511-EB5E-43D2-8426-BAF393750C38}.Debug|Any CPU.ActiveCfg = Debug|Any CPU
		{F5CA6511-EB5E-43D2-8426-BAF393750C38}.Debug|Any CPU.Build.0 = Debug|Any CPU
		{F5CA6511-EB5E-43D2-8426-BAF393750C38}.Release|Any CPU.ActiveCfg = Release|Any CPU
		{F5CA6511-EB5E-43D2-8426-BAF393750C38}.Release|Any CPU.Build.0 = Release|Any CPU
	EndGlobalSection
	GlobalSection(SolutionProperties) = preSolution
		HideSolutionNode = FALSE
	EndGlobalSection
	GlobalSection(ExtensibilityGlobals) = postSolution
		SolutionGuid = {0F71494B-B179-4D06-BF4D-0DD43178B3E5}
	EndGlobalSection
EndGlobal
